
Microsoft Visual Studio Solution File, Format Version 12.00
# Visual Studio Version 16
VisualStudioVersion = 16.0.31410.357
MinimumVisualStudioVersion = 10.0.40219.1
Project("{FAE04EC0-301F-11D3-BF4B-00C04F79EFBC}") = "Basicprograms", "Basicprograms\Basicprograms.csproj", "{AF952D58-AF74-45DF-BC3F-EA0FC5528AA9}"
EndProject
Global
	GlobalSection(SolutionConfigurationPlatforms) = preSolution
		Debug|Any CPU = Debug|Any CPU
		Release|Any CPU = Release|Any CPU
	EndGlobalSection
	GlobalSection(ProjectConfigurationPlatforms) = postSolution
		{AF952D58-AF74-45DF-BC3F-EA0FC5528AA9}.Debug|Any CPU.ActiveCfg = Debug|Any CPU
		{AF952D58-AF74-45DF-BC3F-EA0FC5528AA9}.Debug|Any CPU.Build.0 = Debug|Any CPU
		{AF952D58-AF74-45DF-BC3F-EA0FC5528AA9}.Release|Any CPU.ActiveCfg = Release|Any CPU
		{AF952D58-AF74-45DF-BC3F-EA0FC5528AA9}.Release|Any CPU.Build.0 = Release|Any CPU
	EndGlobalSection
	GlobalSection(SolutionProperties) = preSolution
		HideSolutionNode = FALSE
	EndGlobalSection
	GlobalSection(ExtensibilityGlobals) = postSolution
		SolutionGuid = {C2E99438-47DD-47D0-B441-48E1B07C5CB0}
	EndGlobalSection
EndGlobal
